// !$*UTF8*$!
{
	archiveVersion = 1;
	classes = {
	};
	objectVersion = 56;
	objects = {

/* Begin PBXBuildFile section */
		147C308C2AC5BFEB0079D147 /* AppDelegate.swift in Sources */ = {isa = PBXBuildFile; fileRef = 147C308B2AC5BFEB0079D147 /* AppDelegate.swift */; };
		147C308E2AC5BFEB0079D147 /* SceneDelegate.swift in Sources */ = {isa = PBXBuildFile; fileRef = 147C308D2AC5BFEB0079D147 /* SceneDelegate.swift */; };
		147C30902AC5BFEB0079D147 /* ViewController.swift in Sources */ = {isa = PBXBuildFile; fileRef = 147C308F2AC5BFEB0079D147 /* ViewController.swift */; };
		147C30932AC5BFEB0079D147 /* Main.storyboard in Resources */ = {isa = PBXBuildFile; fileRef = 147C30912AC5BFEB0079D147 /* Main.storyboard */; };
		147C30962AC5BFEB0079D147 /* ViewControllersFun.xcdatamodeld in Sources */ = {isa = PBXBuildFile; fileRef = 147C30942AC5BFEB0079D147 /* ViewControllersFun.xcdatamodeld */; };
		147C30982AC5BFEC0079D147 /* Assets.xcassets in Resources */ = {isa = PBXBuildFile; fileRef = 147C30972AC5BFEC0079D147 /* Assets.xcassets */; };
		147C309B2AC5BFEC0079D147 /* LaunchScreen.storyboard in Resources */ = {isa = PBXBuildFile; fileRef = 147C30992AC5BFEC0079D147 /* LaunchScreen.storyboard */; };
		147C30A62AC5BFEC0079D147 /* ViewControllersFunTests.swift in Sources */ = {isa = PBXBuildFile; fileRef = 147C30A52AC5BFEC0079D147 /* ViewControllersFunTests.swift */; };
		147C30B02AC5BFEC0079D147 /* ViewControllersFunUITests.swift in Sources */ = {isa = PBXBuildFile; fileRef = 147C30AF2AC5BFEC0079D147 /* ViewControllersFunUITests.swift */; };
		147C30B22AC5BFEC0079D147 /* ViewControllersFunUITestsLaunchTests.swift in Sources */ = {isa = PBXBuildFile; fileRef = 147C30B12AC5BFEC0079D147 /* ViewControllersFunUITestsLaunchTests.swift */; };
		147C30BF2AC5C3550079D147 /* ViewControllerStacks.swift in Sources */ = {isa = PBXBuildFile; fileRef = 147C30BE2AC5C3550079D147 /* ViewControllerStacks.swift */; };
/* End PBXBuildFile section */

/* Begin PBXContainerItemProxy section */
		147C30A22AC5BFEC0079D147 /* PBXContainerItemProxy */ = {
			isa = PBXContainerItemProxy;
			containerPortal = 147C30802AC5BFEB0079D147 /* Project object */;
			proxyType = 1;
			remoteGlobalIDString = 147C30872AC5BFEB0079D147;
			remoteInfo = ViewControllersFun;
		};
		147C30AC2AC5BFEC0079D147 /* PBXContainerItemProxy */ = {
			isa = PBXContainerItemProxy;
			containerPortal = 147C30802AC5BFEB0079D147 /* Project object */;
			proxyType = 1;
			remoteGlobalIDString = 147C30872AC5BFEB0079D147;
			remoteInfo = ViewControllersFun;
		};
/* End PBXContainerItemProxy section */

/* Begin PBXFileReference section */
		147C30882AC5BFEB0079D147 /* ViewControllersFun.app */ = {isa = PBXFileReference; explicitFileType = wrapper.application; includeInIndex = 0; path = ViewControllersFun.app; sourceTree = BUILT_PRODUCTS_DIR; };
		147C308B2AC5BFEB0079D147 /* AppDelegate.swift */ = {isa = PBXFileReference; lastKnownFileType = sourcecode.swift; path = AppDelegate.swift; sourceTree = "<group>"; };
		147C308D2AC5BFEB0079D147 /* SceneDelegate.swift */ = {isa = PBXFileReference; lastKnownFileType = sourcecode.swift; path = SceneDelegate.swift; sourceTree = "<group>"; };
		147C308F2AC5BFEB0079D147 /* ViewController.swift */ = {isa = PBXFileReference; lastKnownFileType = sourcecode.swift; path = ViewController.swift; sourceTree = "<group>"; };
		147C30922AC5BFEB0079D147 /* Base */ = {isa = PBXFileReference; lastKnownFileType = file.storyboard; name = Base; path = Base.lproj/Main.storyboard; sourceTree = "<group>"; };
		147C30952AC5BFEB0079D147 /* ViewControllersFun.xcdatamodel */ = {isa = PBXFileReference; lastKnownFileType = wrapper.xcdatamodel; path = ViewControllersFun.xcdatamodel; sourceTree = "<group>"; };
		147C30972AC5BFEC0079D147 /* Assets.xcassets */ = {isa = PBXFileReference; lastKnownFileType = folder.assetcatalog; path = Assets.xcassets; sourceTree = "<group>"; };
		147C309A2AC5BFEC0079D147 /* Base */ = {isa = PBXFileReference; lastKnownFileType = file.storyboard; name = Base; path = Base.lproj/LaunchScreen.storyboard; sourceTree = "<group>"; };
		147C309C2AC5BFEC0079D147 /* Info.plist */ = {isa = PBXFileReference; lastKnownFileType = text.plist.xml; path = Info.plist; sourceTree = "<group>"; };
		147C30A12AC5BFEC0079D147 /* ViewControllersFunTests.xctest */ = {isa = PBXFileReference; explicitFileType = wrapper.cfbundle; includeInIndex = 0; path = ViewControllersFunTests.xctest; sourceTree = BUILT_PRODUCTS_DIR; };
		147C30A52AC5BFEC0079D147 /* ViewControllersFunTests.swift */ = {isa = PBXFileReference; lastKnownFileType = sourcecode.swift; path = ViewControllersFunTests.swift; sourceTree = "<group>"; };
		147C30AB2AC5BFEC0079D147 /* ViewControllersFunUITests.xctest */ = {isa = PBXFileReference; explicitFileType = wrapper.cfbundle; includeInIndex = 0; path = ViewControllersFunUITests.xctest; sourceTree = BUILT_PRODUCTS_DIR; };
		147C30AF2AC5BFEC0079D147 /* ViewControllersFunUITests.swift */ = {isa = PBXFileReference; lastKnownFileType = sourcecode.swift; path = ViewControllersFunUITests.swift; sourceTree = "<group>"; };
		147C30B12AC5BFEC0079D147 /* ViewControllersFunUITestsLaunchTests.swift */ = {isa = PBXFileReference; lastKnownFileType = sourcecode.swift; path = ViewControllersFunUITestsLaunchTests.swift; sourceTree = "<group>"; };
		147C30BE2AC5C3550079D147 /* ViewControllerStacks.swift */ = {isa = PBXFileReference; lastKnownFileType = sourcecode.swift; path = ViewControllerStacks.swift; sourceTree = "<group>"; };
/* End PBXFileReference section */

/* Begin PBXFrameworksBuildPhase section */
		147C30852AC5BFEB0079D147 /* Frameworks */ = {
			isa = PBXFrameworksBuildPhase;
			buildActionMask = 2147483647;
			files = (
			);
			runOnlyForDeploymentPostprocessing = 0;
		};
		147C309E2AC5BFEC0079D147 /* Frameworks */ = {
			isa = PBXFrameworksBuildPhase;
			buildActionMask = 2147483647;
			files = (
			);
			runOnlyForDeploymentPostprocessing = 0;
		};
		147C30A82AC5BFEC0079D147 /* Frameworks */ = {
			isa = PBXFrameworksBuildPhase;
			buildActionMask = 2147483647;
			files = (
			);
			runOnlyForDeploymentPostprocessing = 0;
		};
/* End PBXFrameworksBuildPhase section */

/* Begin PBXGroup section */
		147C307F2AC5BFEB0079D147 = {
			isa = PBXGroup;
			children = (
				147C308A2AC5BFEB0079D147 /* ViewControllersFun */,
				147C30A42AC5BFEC0079D147 /* ViewControllersFunTests */,
				147C30AE2AC5BFEC0079D147 /* ViewControllersFunUITests */,
				147C30892AC5BFEB0079D147 /* Products */,
			);
			sourceTree = "<group>";
		};
		147C30892AC5BFEB0079D147 /* Products */ = {
			isa = PBXGroup;
			children = (
				147C30882AC5BFEB0079D147 /* ViewControllersFun.app */,
				147C30A12AC5BFEC0079D147 /* ViewControllersFunTests.xctest */,
				147C30AB2AC5BFEC0079D147 /* ViewControllersFunUITests.xctest */,
			);
			name = Products;
			sourceTree = "<group>";
		};
		147C308A2AC5BFEB0079D147 /* ViewControllersFun */ = {
			isa = PBXGroup;
			children = (
				147C308B2AC5BFEB0079D147 /* AppDelegate.swift */,
				147C308D2AC5BFEB0079D147 /* SceneDelegate.swift */,
				147C30BE2AC5C3550079D147 /* ViewControllerStacks.swift */,
				147C308F2AC5BFEB0079D147 /* ViewController.swift */,
				147C30912AC5BFEB0079D147 /* Main.storyboard */,
				147C30972AC5BFEC0079D147 /* Assets.xcassets */,
				147C30992AC5BFEC0079D147 /* LaunchScreen.storyboard */,
				147C309C2AC5BFEC0079D147 /* Info.plist */,
				147C30942AC5BFEB0079D147 /* ViewControllersFun.xcdatamodeld */,
			);
			path = ViewControllersFun;
			sourceTree = "<group>";
		};
		147C30A42AC5BFEC0079D147 /* ViewControllersFunTests */ = {
			isa = PBXGroup;
			children = (
				147C30A52AC5BFEC0079D147 /* ViewControllersFunTests.swift */,
			);
			path = ViewControllersFunTests;
			sourceTree = "<group>";
		};
		147C30AE2AC5BFEC0079D147 /* ViewControllersFunUITests */ = {
			isa = PBXGroup;
			children = (
				147C30AF2AC5BFEC0079D147 /* ViewControllersFunUITests.swift */,
				147C30B12AC5BFEC0079D147 /* ViewControllersFunUITestsLaunchTests.swift */,
			);
			path = ViewControllersFunUITests;
			sourceTree = "<group>";
		};
/* End PBXGroup section */

/* Begin PBXNativeTarget section */
		147C30872AC5BFEB0079D147 /* ViewControllersFun */ = {
			isa = PBXNativeTarget;
			buildConfigurationList = 147C30B52AC5BFEC0079D147 /* Build configuration list for PBXNativeTarget "ViewControllersFun" */;
			buildPhases = (
				147C30842AC5BFEB0079D147 /* Sources */,
				147C30852AC5BFEB0079D147 /* Frameworks */,
				147C30862AC5BFEB0079D147 /* Resources */,
			);
			buildRules = (
			);
			dependencies = (
			);
			name = ViewControllersFun;
			productName = ViewControllersFun;
			productReference = 147C30882AC5BFEB0079D147 /* ViewControllersFun.app */;
			productType = "com.apple.product-type.application";
		};
		147C30A02AC5BFEC0079D147 /* ViewControllersFunTests */ = {
			isa = PBXNativeTarget;
			buildConfigurationList = 147C30B82AC5BFEC0079D147 /* Build configuration list for PBXNativeTarget "ViewControllersFunTests" */;
			buildPhases = (
				147C309D2AC5BFEC0079D147 /* Sources */,
				147C309E2AC5BFEC0079D147 /* Frameworks */,
				147C309F2AC5BFEC0079D147 /* Resources */,
			);
			buildRules = (
			);
			dependencies = (
				147C30A32AC5BFEC0079D147 /* PBXTargetDependency */,
			);
			name = ViewControllersFunTests;
			productName = ViewControllersFunTests;
			productReference = 147C30A12AC5BFEC0079D147 /* ViewControllersFunTests.xctest */;
			productType = "com.apple.product-type.bundle.unit-test";
		};
		147C30AA2AC5BFEC0079D147 /* ViewControllersFunUITests */ = {
			isa = PBXNativeTarget;
			buildConfigurationList = 147C30BB2AC5BFEC0079D147 /* Build configuration list for PBXNativeTarget "ViewControllersFunUITests" */;
			buildPhases = (
				147C30A72AC5BFEC0079D147 /* Sources */,
				147C30A82AC5BFEC0079D147 /* Frameworks */,
				147C30A92AC5BFEC0079D147 /* Resources */,
			);
			buildRules = (
			);
			dependencies = (
				147C30AD2AC5BFEC0079D147 /* PBXTargetDependency */,
			);
			name = ViewControllersFunUITests;
			productName = ViewControllersFunUITests;
			productReference = 147C30AB2AC5BFEC0079D147 /* ViewControllersFunUITests.xctest */;
			productType = "com.apple.product-type.bundle.ui-testing";
		};
/* End PBXNativeTarget section */

/* Begin PBXProject section */
		147C30802AC5BFEB0079D147 /* Project object */ = {
			isa = PBXProject;
			attributes = {
				BuildIndependentTargetsInParallel = 1;
				LastSwiftUpdateCheck = 1430;
				LastUpgradeCheck = 1430;
				TargetAttributes = {
					147C30872AC5BFEB0079D147 = {
						CreatedOnToolsVersion = 14.3.1;
					};
					147C30A02AC5BFEC0079D147 = {
						CreatedOnToolsVersion = 14.3.1;
						TestTargetID = 147C30872AC5BFEB0079D147;
					};
					147C30AA2AC5BFEC0079D147 = {
						CreatedOnToolsVersion = 14.3.1;
						TestTargetID = 147C30872AC5BFEB0079D147;
					};
				};
			};
			buildConfigurationList = 147C30832AC5BFEB0079D147 /* Build configuration list for PBXProject "ViewControllersFun" */;
			compatibilityVersion = "Xcode 14.0";
			developmentRegion = en;
			hasScannedForEncodings = 0;
			knownRegions = (
				en,
				Base,
			);
			mainGroup = 147C307F2AC5BFEB0079D147;
			productRefGroup = 147C30892AC5BFEB0079D147 /* Products */;
			projectDirPath = "";
			projectRoot = "";
			targets = (
				147C30872AC5BFEB0079D147 /* ViewControllersFun */,
				147C30A02AC5BFEC0079D147 /* ViewControllersFunTests */,
				147C30AA2AC5BFEC0079D147 /* ViewControllersFunUITests */,
			);
		};
/* End PBXProject section */

/* Begin PBXResourcesBuildPhase section */
		147C30862AC5BFEB0079D147 /* Resources */ = {
			isa = PBXResourcesBuildPhase;
			buildActionMask = 2147483647;
			files = (
				147C309B2AC5BFEC0079D147 /* LaunchScreen.storyboard in Resources */,
				147C30982AC5BFEC0079D147 /* Assets.xcassets in Resources */,
				147C30932AC5BFEB0079D147 /* Main.storyboard in Resources */,
			);
			runOnlyForDeploymentPostprocessing = 0;
		};
		147C309F2AC5BFEC0079D147 /* Resources */ = {
			isa = PBXResourcesBuildPhase;
			buildActionMask = 2147483647;
			files = (
			);
			runOnlyForDeploymentPostprocessing = 0;
		};
		147C30A92AC5BFEC0079D147 /* Resources */ = {
			isa = PBXResourcesBuildPhase;
			buildActionMask = 2147483647;
			files = (
			);
			runOnlyForDeploymentPostprocessing = 0;
		};
/* End PBXResourcesBuildPhase section */

/* Begin PBXSourcesBuildPhase section */
		147C30842AC5BFEB0079D147 /* Sources */ = {
			isa = PBXSourcesBuildPhase;
			buildActionMask = 2147483647;
			files = (
				147C30902AC5BFEB0079D147 /* ViewController.swift in Sources */,
				147C30BF2AC5C3550079D147 /* ViewControllerStacks.swift in Sources */,
				147C308C2AC5BFEB0079D147 /* AppDelegate.swift in Sources */,
				147C30962AC5BFEB0079D147 /* ViewControllersFun.xcdatamodeld in Sources */,
				147C308E2AC5BFEB0079D147 /* SceneDelegate.swift in Sources */,
			);
			runOnlyForDeploymentPostprocessing = 0;
		};
		147C309D2AC5BFEC0079D147 /* Sources */ = {
			isa = PBXSourcesBuildPhase;
			buildActionMask = 2147483647;
			files = (
				147C30A62AC5BFEC0079D147 /* ViewControllersFunTests.swift in Sources */,
			);
			runOnlyForDeploymentPostprocessing = 0;
		};
		147C30A72AC5BFEC0079D147 /* Sources */ = {
			isa = PBXSourcesBuildPhase;
			buildActionMask = 2147483647;
			files = (
				147C30B02AC5BFEC0079D147 /* ViewControllersFunUITests.swift in Sources */,
				147C30B22AC5BFEC0079D147 /* ViewControllersFunUITestsLaunchTests.swift in Sources */,
			);
			runOnlyForDeploymentPostprocessing = 0;
		};
/* End PBXSourcesBuildPhase section */

/* Begin PBXTargetDependency section */
		147C30A32AC5BFEC0079D147 /* PBXTargetDependency */ = {
			isa = PBXTargetDependency;
			target = 147C30872AC5BFEB0079D147 /* ViewControllersFun */;
			targetProxy = 147C30A22AC5BFEC0079D147 /* PBXContainerItemProxy */;
		};
		147C30AD2AC5BFEC0079D147 /* PBXTargetDependency */ = {
			isa = PBXTargetDependency;
			target = 147C30872AC5BFEB0079D147 /* ViewControllersFun */;
			targetProxy = 147C30AC2AC5BFEC0079D147 /* PBXContainerItemProxy */;
		};
/* End PBXTargetDependency section */

/* Begin PBXVariantGroup section */
		147C30912AC5BFEB0079D147 /* Main.storyboard */ = {
			isa = PBXVariantGroup;
			children = (
				147C30922AC5BFEB0079D147 /* Base */,
			);
			name = Main.storyboard;
			sourceTree = "<group>";
		};
		147C30992AC5BFEC0079D147 /* LaunchScreen.storyboard */ = {
			isa = PBXVariantGroup;
			children = (
				147C309A2AC5BFEC0079D147 /* Base */,
			);
			name = LaunchScreen.storyboard;
			sourceTree = "<group>";
		};
/* End PBXVariantGroup section */

/* Begin XCBuildConfiguration section */
		147C30B32AC5BFEC0079D147 /* Debug */ = {
			isa = XCBuildConfiguration;
			buildSettings = {
				ALWAYS_SEARCH_USER_PATHS = NO;
				CLANG_ANALYZER_NONNULL = YES;
				CLANG_ANALYZER_NUMBER_OBJECT_CONVERSION = YES_AGGRESSIVE;
				CLANG_CXX_LANGUAGE_STANDARD = "gnu++20";
				CLANG_ENABLE_MODULES = YES;
				CLANG_ENABLE_OBJC_ARC = YES;
				CLANG_ENABLE_OBJC_WEAK = YES;
				CLANG_WARN_BLOCK_CAPTURE_AUTORELEASING = YES;
				CLANG_WARN_BOOL_CONVERSION = YES;
				CLANG_WARN_COMMA = YES;
				CLANG_WARN_CONSTANT_CONVERSION = YES;
				CLANG_WARN_DEPRECATED_OBJC_IMPLEMENTATIONS = YES;
				CLANG_WARN_DIRECT_OBJC_ISA_USAGE = YES_ERROR;
				CLANG_WARN_DOCUMENTATION_COMMENTS = YES;
				CLANG_WARN_EMPTY_BODY = YES;
				CLANG_WARN_ENUM_CONVERSION = YES;
				CLANG_WARN_INFINITE_RECURSION = YES;
				CLANG_WARN_INT_CONVERSION = YES;
				CLANG_WARN_NON_LITERAL_NULL_CONVERSION = YES;
				CLANG_WARN_OBJC_IMPLICIT_RETAIN_SELF = YES;
				CLANG_WARN_OBJC_LITERAL_CONVERSION = YES;
				CLANG_WARN_OBJC_ROOT_CLASS = YES_ERROR;
				CLANG_WARN_QUOTED_INCLUDE_IN_FRAMEWORK_HEADER = YES;
				CLANG_WARN_RANGE_LOOP_ANALYSIS = YES;
				CLANG_WARN_STRICT_PROTOTYPES = YES;
				CLANG_WARN_SUSPICIOUS_MOVE = YES;
				CLANG_WARN_UNGUARDED_AVAILABILITY = YES_AGGRESSIVE;
				CLANG_WARN_UNREACHABLE_CODE = YES;
				CLANG_WARN__DUPLICATE_METHOD_MATCH = YES;
				COPY_PHASE_STRIP = NO;
				DEBUG_INFORMATION_FORMAT = dwarf;
				ENABLE_STRICT_OBJC_MSGSEND = YES;
				ENABLE_TESTABILITY = YES;
				GCC_C_LANGUAGE_STANDARD = gnu11;
				GCC_DYNAMIC_NO_PIC = NO;
				GCC_NO_COMMON_BLOCKS = YES;
				GCC_OPTIMIZATION_LEVEL = 0;
				GCC_PREPROCESSOR_DEFINITIONS = (
					"DEBUG=1",
					"$(inherited)",
				);
				GCC_WARN_64_TO_32_BIT_CONVERSION = YES;
				GCC_WARN_ABOUT_RETURN_TYPE = YES_ERROR;
				GCC_WARN_UNDECLARED_SELECTOR = YES;
				GCC_WARN_UNINITIALIZED_AUTOS = YES_AGGRESSIVE;
				GCC_WARN_UNUSED_FUNCTION = YES;
				GCC_WARN_UNUSED_VARIABLE = YES;
				IPHONEOS_DEPLOYMENT_TARGET = 16.4;
				MTL_ENABLE_DEBUG_INFO = INCLUDE_SOURCE;
				MTL_FAST_MATH = YES;
				ONLY_ACTIVE_ARCH = YES;
				SDKROOT = iphoneos;
				SWIFT_ACTIVE_COMPILATION_CONDITIONS = DEBUG;
				SWIFT_OPTIMIZATION_LEVEL = "-Onone";
			};
			name = Debug;
		};
		147C30B42AC5BFEC0079D147 /* Release */ = {
			isa = XCBuildConfiguration;
			buildSettings = {
				ALWAYS_SEARCH_USER_PATHS = NO;
				CLANG_ANALYZER_NONNULL = YES;
				CLANG_ANALYZER_NUMBER_OBJECT_CONVERSION = YES_AGGRESSIVE;
				CLANG_CXX_LANGUAGE_STANDARD = "gnu++20";
				CLANG_ENABLE_MODULES = YES;
				CLANG_ENABLE_OBJC_ARC = YES;
				CLANG_ENABLE_OBJC_WEAK = YES;
				CLANG_WARN_BLOCK_CAPTURE_AUTORELEASING = YES;
				CLANG_WARN_BOOL_CONVERSION = YES;
				CLANG_WARN_COMMA = YES;
				CLANG_WARN_CONSTANT_CONVERSION = YES;
				CLANG_WARN_DEPRECATED_OBJC_IMPLEMENTATIONS = YES;
				CLANG_WARN_DIRECT_OBJC_ISA_USAGE = YES_ERROR;
				CLANG_WARN_DOCUMENTATION_COMMENTS = YES;
				CLANG_WARN_EMPTY_BODY = YES;
				CLANG_WARN_ENUM_CONVERSION = YES;
				CLANG_WARN_INFINITE_RECURSION = YES;
				CLANG_WARN_INT_CONVERSION = YES;
				CLANG_WARN_NON_LITERAL_NULL_CONVERSION = YES;
				CLANG_WARN_OBJC_IMPLICIT_RETAIN_SELF = YES;
				CLANG_WARN_OBJC_LITERAL_CONVERSION = YES;
				CLANG_WARN_OBJC_ROOT_CLASS = YES_ERROR;
				CLANG_WARN_QUOTED_INCLUDE_IN_FRAMEWORK_HEADER = YES;
				CLANG_WARN_RANGE_LOOP_ANALYSIS = YES;
				CLANG_WARN_STRICT_PROTOTYPES = YES;
				CLANG_WARN_SUSPICIOUS_MOVE = YES;
				CLANG_WARN_UNGUARDED_AVAILABILITY = YES_AGGRESSIVE;
				CLANG_WARN_UNREACHABLE_CODE = YES;
				CLANG_WARN__DUPLICATE_METHOD_MATCH = YES;
				COPY_PHASE_STRIP = NO;
				DEBUG_INFORMATION_FORMAT = "dwarf-with-dsym";
				ENABLE_NS_ASSERTIONS = NO;
				ENABLE_STRICT_OBJC_MSGSEND = YES;
				GCC_C_LANGUAGE_STANDARD = gnu11;
				GCC_NO_COMMON_BLOCKS = YES;
				GCC_WARN_64_TO_32_BIT_CONVERSION = YES;
				GCC_WARN_ABOUT_RETURN_TYPE = YES_ERROR;
				GCC_WARN_UNDECLARED_SELECTOR = YES;
				GCC_WARN_UNINITIALIZED_AUTOS = YES_AGGRESSIVE;
				GCC_WARN_UNUSED_FUNCTION = YES;
				GCC_WARN_UNUSED_VARIABLE = YES;
				IPHONEOS_DEPLOYMENT_TARGET = 16.4;
				MTL_ENABLE_DEBUG_INFO = NO;
				MTL_FAST_MATH = YES;
				SDKROOT = iphoneos;
				SWIFT_COMPILATION_MODE = wholemodule;
				SWIFT_OPTIMIZATION_LEVEL = "-O";
				VALIDATE_PRODUCT = YES;
			};
			name = Release;
		};
		147C30B62AC5BFEC0079D147 /* Debug */ = {
			isa = XCBuildConfiguration;
			buildSettings = {
				ASSETCATALOG_COMPILER_APPICON_NAME = AppIcon;
				ASSETCATALOG_COMPILER_GLOBAL_ACCENT_COLOR_NAME = AccentColor;
				CODE_SIGN_STYLE = Automatic;
				CURRENT_PROJECT_VERSION = 1;
				DEVELOPMENT_TEAM = SZURQ69PCN;
				GENERATE_INFOPLIST_FILE = YES;
				INFOPLIST_FILE = ViewControllersFun/Info.plist;
				INFOPLIST_KEY_UIApplicationSupportsIndirectInputEvents = YES;
				INFOPLIST_KEY_UILaunchStoryboardName = LaunchScreen;
				INFOPLIST_KEY_UIMainStoryboardFile = Main;
				INFOPLIST_KEY_UISupportedInterfaceOrientations_iPad = "UIInterfaceOrientationPortrait UIInterfaceOrientationPortraitUpsideDown UIInterfaceOrientationLandscapeLeft UIInterfaceOrientationLandscapeRight";
				INFOPLIST_KEY_UISupportedInterfaceOrientations_iPhone = "UIInterfaceOrientationPortrait UIInterfaceOrientationLandscapeLeft UIInterfaceOrientationLandscapeRight";
				LD_RUNPATH_SEARCH_PATHS = (
					"$(inherited)",
					"@executable_path/Frameworks",
				);
				MARKETING_VERSION = 1.0;
				PRODUCT_BUNDLE_IDENTIFIER = clc.ViewControllersFun;
				PRODUCT_NAME = "$(TARGET_NAME)";
				SWIFT_EMIT_LOC_STRINGS = YES;
				SWIFT_VERSION = 5.0;
				TARGETED_DEVICE_FAMILY = "1,2";
			};
			name = Debug;
		};
		147C30B72AC5BFEC0079D147 /* Release */ = {
			isa = XCBuildConfiguration;
			buildSettings = {
				ASSETCATALOG_COMPILER_APPICON_NAME = AppIcon;
				ASSETCATALOG_COMPILER_GLOBAL_ACCENT_COLOR_NAME = AccentColor;
				CODE_SIGN_STYLE = Automatic;
				CURRENT_PROJECT_VERSION = 1;
				DEVELOPMENT_TEAM = SZURQ69PCN;
				GENERATE_INFOPLIST_FILE = YES;
				INFOPLIST_FILE = ViewControllersFun/Info.plist;
				INFOPLIST_KEY_UIApplicationSupportsIndirectInputEvents = YES;
				INFOPLIST_KEY_UILaunchStoryboardName = LaunchScreen;
				INFOPLIST_KEY_UIMainStoryboardFile = Main;
				INFOPLIST_KEY_UISupportedInterfaceOrientations_iPad = "UIInterfaceOrientationPortrait UIInterfaceOrientationPortraitUpsideDown UIInterfaceOrientationLandscapeLeft UIInterfaceOrientationLandscapeRight";
				INFOPLIST_KEY_UISupportedInterfaceOrientations_iPhone = "UIInterfaceOrientationPortrait UIInterfaceOrientationLandscapeLeft UIInterfaceOrientationLandscapeRight";
				LD_RUNPATH_SEARCH_PATHS = (
					"$(inherited)",
					"@executable_path/Frameworks",
				);
				MARKETING_VERSION = 1.0;
				PRODUCT_BUNDLE_IDENTIFIER = clc.ViewControllersFun;
				PRODUCT_NAME = "$(TARGET_NAME)";
				SWIFT_EMIT_LOC_STRINGS = YES;
				SWIFT_VERSION = 5.0;
				TARGETED_DEVICE_FAMILY = "1,2";
			};
			name = Release;
		};
		147C30B92AC5BFEC0079D147 /* Debug */ = {
			isa = XCBuildConfiguration;
			buildSettings = {
				ALWAYS_EMBED_SWIFT_STANDARD_LIBRARIES = YES;
				BUNDLE_LOADER = "$(TEST_HOST)";
				CODE_SIGN_STYLE = Automatic;
				CURRENT_PROJECT_VERSION = 1;
				DEVELOPMENT_TEAM = SZURQ69PCN;
				GENERATE_INFOPLIST_FILE = YES;
				IPHONEOS_DEPLOYMENT_TARGET = 16.4;
				MARKETING_VERSION = 1.0;
				PRODUCT_BUNDLE_IDENTIFIER = clc.ViewControllersFunTests;
				PRODUCT_NAME = "$(TARGET_NAME)";
				SWIFT_EMIT_LOC_STRINGS = NO;
				SWIFT_VERSION = 5.0;
				TARGETED_DEVICE_FAMILY = "1,2";
				TEST_HOST = "$(BUILT_PRODUCTS_DIR)/ViewControllersFun.app/$(BUNDLE_EXECUTABLE_FOLDER_PATH)/ViewControllersFun";
			};
			name = Debug;
		};
		147C30BA2AC5BFEC0079D147 /* Release */ = {
			isa = XCBuildConfiguration;
			buildSettings = {
				ALWAYS_EMBED_SWIFT_STANDARD_LIBRARIES = YES;
				BUNDLE_LOADER = "$(TEST_HOST)";
				CODE_SIGN_STYLE = Automatic;
				CURRENT_PROJECT_VERSION = 1;
				DEVELOPMENT_TEAM = SZURQ69PCN;
				GENERATE_INFOPLIST_FILE = YES;
				IPHONEOS_DEPLOYMENT_TARGET = 16.4;
				MARKETING_VERSION = 1.0;
				PRODUCT_BUNDLE_IDENTIFIER = clc.ViewControllersFunTests;
				PRODUCT_NAME = "$(TARGET_NAME)";
				SWIFT_EMIT_LOC_STRINGS = NO;
				SWIFT_VERSION = 5.0;
				TARGETED_DEVICE_FAMILY = "1,2";
				TEST_HOST = "$(BUILT_PRODUCTS_DIR)/ViewControllersFun.app/$(BUNDLE_EXECUTABLE_FOLDER_PATH)/ViewControllersFun";
			};
			name = Release;
		};
		147C30BC2AC5BFEC0079D147 /* Debug */ = {
			isa = XCBuildConfiguration;
			buildSettings = {
				ALWAYS_EMBED_SWIFT_STANDARD_LIBRARIES = YES;
				CODE_SIGN_STYLE = Automatic;
				CURRENT_PROJECT_VERSION = 1;
				DEVELOPMENT_TEAM = SZURQ69PCN;
				GENERATE_INFOPLIST_FILE = YES;
				MARKETING_VERSION = 1.0;
				PRODUCT_BUNDLE_IDENTIFIER = clc.ViewControllersFunUITests;
				PRODUCT_NAME = "$(TARGET_NAME)";
				SWIFT_EMIT_LOC_STRINGS = NO;
				SWIFT_VERSION = 5.0;
				TARGETED_DEVICE_FAMILY = "1,2";
				TEST_TARGET_NAME = ViewControllersFun;
			};
			name = Debug;
		};
		147C30BD2AC5BFEC0079D147 /* Release */ = {
			isa = XCBuildConfiguration;
			buildSettings = {
				ALWAYS_EMBED_SWIFT_STANDARD_LIBRARIES = YES;
				CODE_SIGN_STYLE = Automatic;
				CURRENT_PROJECT_VERSION = 1;
				DEVELOPMENT_TEAM = SZURQ69PCN;
				GENERATE_INFOPLIST_FILE = YES;
				MARKETING_VERSION = 1.0;
				PRODUCT_BUNDLE_IDENTIFIER = clc.ViewControllersFunUITests;
				PRODUCT_NAME = "$(TARGET_NAME)";
				SWIFT_EMIT_LOC_STRINGS = NO;
				SWIFT_VERSION = 5.0;
				TARGETED_DEVICE_FAMILY = "1,2";
				TEST_TARGET_NAME = ViewControllersFun;
			};
			name = Release;
		};
/* End XCBuildConfiguration section */

/* Begin XCConfigurationList section */
		147C30832AC5BFEB0079D147 /* Build configuration list for PBXProject "ViewControllersFun" */ = {
			isa = XCConfigurationList;
			buildConfigurations = (
				147C30B32AC5BFEC0079D147 /* Debug */,
				147C30B42AC5BFEC0079D147 /* Release */,
			);
			defaultConfigurationIsVisible = 0;
			defaultConfigurationName = Release;
		};
		147C30B52AC5BFEC0079D147 /* Build configuration list for PBXNativeTarget "ViewControllersFun" */ = {
			isa = XCConfigurationList;
			buildConfigurations = (
				147C30B62AC5BFEC0079D147 /* Debug */,
				147C30B72AC5BFEC0079D147 /* Release */,
			);
			defaultConfigurationIsVisible = 0;
			defaultConfigurationName = Release;
		};
		147C30B82AC5BFEC0079D147 /* Build configuration list for PBXNativeTarget "ViewControllersFunTests" */ = {
			isa = XCConfigurationList;
			buildConfigurations = (
				147C30B92AC5BFEC0079D147 /* Debug */,
				147C30BA2AC5BFEC0079D147 /* Release */,
			);
			defaultConfigurationIsVisible = 0;
			defaultConfigurationName = Release;
		};
		147C30BB2AC5BFEC0079D147 /* Build configuration list for PBXNativeTarget "ViewControllersFunUITests" */ = {
			isa = XCConfigurationList;
			buildConfigurations = (
				147C30BC2AC5BFEC0079D147 /* Debug */,
				147C30BD2AC5BFEC0079D147 /* Release */,
			);
			defaultConfigurationIsVisible = 0;
			defaultConfigurationName = Release;
		};
/* End XCConfigurationList section */

/* Begin XCVersionGroup section */
		147C30942AC5BFEB0079D147 /* ViewControllersFun.xcdatamodeld */ = {
			isa = XCVersionGroup;
			children = (
				147C30952AC5BFEB0079D147 /* ViewControllersFun.xcdatamodel */,
			);
			currentVersion = 147C30952AC5BFEB0079D147 /* ViewControllersFun.xcdatamodel */;
			path = ViewControllersFun.xcdatamodeld;
			sourceTree = "<group>";
			versionGroupType = wrapper.xcdatamodel;
		};
/* End XCVersionGroup section */
	};
	rootObject = 147C30802AC5BFEB0079D147 /* Project object */;
}
